
Microsoft Visual Studio Solution File, Format Version 12.00
# Visual Studio 15
VisualStudioVersion = 15.0.28307.705
MinimumVisualStudioVersion = 10.0.40219.1
Project("{FAE04EC0-301F-11D3-BF4B-00C04F79EFBC}") = "LearnCSharp", "LearnCSharp.csproj", "{5E8A68DD-9E74-4CDC-995A-237799074293}"
EndProject
Project("{FAE04EC0-301F-11D3-BF4B-00C04F79EFBC}") = "InputOutputCSharp", "..\InputOutputCSharp\InputOutputCSharp.csproj", "{C5471DD6-732C-4E65-88AE-8A308D9CF29C}"
EndProject
Global
	GlobalSection(SolutionConfigurationPlatforms) = preSolution
		Debug|Any CPU = Debug|Any CPU
		Release|Any CPU = Release|Any CPU
	EndGlobalSection
	GlobalSection(ProjectConfigurationPlatforms) = postSolution
		{5E8A68DD-9E74-4CDC-995A-237799074293}.Debug|Any CPU.ActiveCfg = Debug|Any CPU
		{5E8A68DD-9E74-4CDC-995A-237799074293}.Debug|Any CPU.Build.0 = Debug|Any CPU
		{5E8A68DD-9E74-4CDC-995A-237799074293}.Release|Any CPU.ActiveCfg = Release|Any CPU
		{5E8A68DD-9E74-4CDC-995A-237799074293}.Release|Any CPU.Build.0 = Release|Any CPU
		{C5471DD6-732C-4E65-88AE-8A308D9CF29C}.Debug|Any CPU.ActiveCfg = Debug|Any CPU
		{C5471DD6-732C-4E65-88AE-8A308D9CF29C}.Debug|Any CPU.Build.0 = Debug|Any CPU
		{C5471DD6-732C-4E65-88AE-8A308D9CF29C}.Release|Any CPU.ActiveCfg = Release|Any CPU
		{C5471DD6-732C-4E65-88AE-8A308D9CF29C}.Release|Any CPU.Build.0 = Release|Any CPU
	EndGlobalSection
	GlobalSection(SolutionProperties) = preSolution
		HideSolutionNode = FALSE
	EndGlobalSection
	GlobalSection(ExtensibilityGlobals) = postSolution
		SolutionGuid = {DDDFE8F7-8115-42EC-8ECD-4A99DBC54E4F}
	EndGlobalSection
EndGlobal
